
Microsoft Visual Studio Solution File, Format Version 12.00
Project("{FAE04EC0-301F-11D3-BF4B-00C04F79EFBC}") = "Web", "Web\Web.csproj", "{CC239F8D-4C94-4874-AEAB-637FFFED366F}"
EndProject
Project("{FAE04EC0-301F-11D3-BF4B-00C04F79EFBC}") = "Solution1.AppHost", "Solution1.AppHost\Solution1.AppHost.csproj", "{A1BC6C3B-3AAA-4B58-A86D-1C49596F6488}"
EndProject
Project("{FAE04EC0-301F-11D3-BF4B-00C04F79EFBC}") = "Solution1.ServiceDefaults", "Solution1.ServiceDefaults\Solution1.ServiceDefaults.csproj", "{EC5C87EB-1C72-406F-8CDC-F3351651F304}"
EndProject
Global
	GlobalSection(SolutionConfigurationPlatforms) = preSolution
		Debug|Any CPU = Debug|Any CPU
		Release|Any CPU = Release|Any CPU
	EndGlobalSection
	GlobalSection(ProjectConfigurationPlatforms) = postSolution
		{CC239F8D-4C94-4874-AEAB-637FFFED366F}.Debug|Any CPU.ActiveCfg = Debug|Any CPU
		{CC239F8D-4C94-4874-AEAB-637FFFED366F}.Debug|Any CPU.Build.0 = Debug|Any CPU
		{CC239F8D-4C94-4874-AEAB-637FFFED366F}.Release|Any CPU.ActiveCfg = Release|Any CPU
		{CC239F8D-4C94-4874-AEAB-637FFFED366F}.Release|Any CPU.Build.0 = Release|Any CPU
		{A1BC6C3B-3AAA-4B58-A86D-1C49596F6488}.Debug|Any CPU.ActiveCfg = Debug|Any CPU
		{A1BC6C3B-3AAA-4B58-A86D-1C49596F6488}.Debug|Any CPU.Build.0 = Debug|Any CPU
		{A1BC6C3B-3AAA-4B58-A86D-1C49596F6488}.Release|Any CPU.ActiveCfg = Release|Any CPU
		{A1BC6C3B-3AAA-4B58-A86D-1C49596F6488}.Release|Any CPU.Build.0 = Release|Any CPU
		{EC5C87EB-1C72-406F-8CDC-F3351651F304}.Debug|Any CPU.ActiveCfg = Debug|Any CPU
		{EC5C87EB-1C72-406F-8CDC-F3351651F304}.Debug|Any CPU.Build.0 = Debug|Any CPU
		{EC5C87EB-1C72-406F-8CDC-F3351651F304}.Release|Any CPU.ActiveCfg = Release|Any CPU
		{EC5C87EB-1C72-406F-8CDC-F3351651F304}.Release|Any CPU.Build.0 = Release|Any CPU
	EndGlobalSection
EndGlobal
